<?xml version="1.0" encoding="utf-8"?>
<Project ToolsVersion="4.0" xmlns="http://schemas.microsoft.com/developer/msbuild/2003">
  <ItemGroup>
    <ClCompile Include="EndScreen.c" />
    <ClCompile Include="EnemyShooter.c" />
    <ClCompile Include="Engine\bitmap.c" />
    <ClCompile Include="Engine\ConsoleDisplay.c" />
    <ClCompile Include="Engine\DisplayZoneDrawing.c" />
    <ClCompile Include="Engine\DVector.c" />
    <ClCompile Include="Engine\Game.c" />
    <ClCompile Include="Engine\GameState.c" />
    <ClCompile Include="Engine\ini.c" />
    <ClCompile Include="Engine\ParamsList.c" />
    <ClCompile Include="Engine\SoundManager.c" />
    <ClCompile Include="Engine\TimeManagement.c" />
    <ClCompile Include="Engine\TitleScreen.c" />
    <ClCompile Include="Enemy.c" />
    <ClCompile Include="Entity.c" />
    <ClCompile Include="GameScreen.c" />
    <ClCompile Include="Inputs.c" />
    <ClCompile Include="Obstacle.c" />
    <ClCompile Include="P1G1ShooterMain.c" />
    <ClCompile Include="PlayerStruct.c" />
    <ClCompile Include="Projectile.c" />
    <ClCompile Include="PowerupHealth.c" />
  </ItemGroup>
  <ItemGroup>
    <ClInclude Include="EndScreen.h" />
    <ClInclude Include="EnemyShooter.h" />
    <ClInclude Include="Engine\bitmap.h" />
    <ClInclude Include="Engine\ConsoleDisplay.h" />
    <ClInclude Include="Engine\DisplayZoneDrawing.h" />
    <ClInclude Include="Engine\DVector.h" />
    <ClInclude Include="Engine\Game.h" />
    <ClInclude Include="Engine\GameState.h" />
    <ClInclude Include="Engine\ini.h" />
    <ClInclude Include="Engine\ParamsList.h" />
    <ClInclude Include="Engine\SoundManager.h" />
    <ClInclude Include="Engine\TimeManagement.h" />
    <ClInclude Include="Engine\TitleScreen.h" />
    <ClInclude Include="Entity.h" />
    <ClInclude Include="GameScreen.h" />
    <ClInclude Include="Inputs.h" />
    <ClInclude Include="Enemy.h" />
    <ClInclude Include="Obstacle.h" />
    <ClInclude Include="PlayerStruct.h" />
    <ClInclude Include="Projectile.h" />
    <ClInclude Include="PowerupHealth.h" />
  </ItemGroup>
</Project>